
Microsoft Visual Studio Solution File, Format Version 12.00
Project("{2150E333-8FDC-42A3-9474-1A3956D46DE8}") = "RentACar.Project", "RentACar.Project", "{616E2167-2BD5-42FC-B96A-DB1D95665090}"
EndProject
Project("{2150E333-8FDC-42A3-9474-1A3956D46DE8}") = "Core.Package", "Core.Package", "{3DD685FA-2507-41A0-B63C-6CAD5F3EBE70}"
EndProject
Project("{FAE04EC0-301F-11D3-BF4B-00C04F79EFBC}") = "Application", "Application\Application.csproj", "{35891BCF-D9E0-4206-A3C1-1C0DC410EA2B}"
EndProject
Project("{FAE04EC0-301F-11D3-BF4B-00C04F79EFBC}") = "Domain", "Domain\Domain.csproj", "{9C0B52DF-3F39-4175-AC97-94CB5B72AC1A}"
EndProject
Project("{FAE04EC0-301F-11D3-BF4B-00C04F79EFBC}") = "Infrastructure", "Infrastructure\Infrastructure.csproj", "{226D0BAB-3674-48A2-99C5-3C1DCEF271B5}"
EndProject
Project("{FAE04EC0-301F-11D3-BF4B-00C04F79EFBC}") = "Persistence", "Persistence\Persistence.csproj", "{0CE59B6C-9309-4989-B086-40A1CB9FE7B9}"
EndProject
Project("{FAE04EC0-301F-11D3-BF4B-00C04F79EFBC}") = "Core.Persistence", "Core.Persistence\Core.Persistence.csproj", "{EBFB5104-7A56-4CC8-B00B-B9B21C14EDEF}"
EndProject
Project("{FAE04EC0-301F-11D3-BF4B-00C04F79EFBC}") = "WebApi", "WebApi\WebApi.csproj", "{38647AD5-9EBB-46B6-B520-C7E7270464F8}"
EndProject
Global
	GlobalSection(SolutionConfigurationPlatforms) = preSolution
		Debug|Any CPU = Debug|Any CPU
		Release|Any CPU = Release|Any CPU
	EndGlobalSection
	GlobalSection(NestedProjects) = preSolution
		{35891BCF-D9E0-4206-A3C1-1C0DC410EA2B} = {616E2167-2BD5-42FC-B96A-DB1D95665090}
		{9C0B52DF-3F39-4175-AC97-94CB5B72AC1A} = {616E2167-2BD5-42FC-B96A-DB1D95665090}
		{226D0BAB-3674-48A2-99C5-3C1DCEF271B5} = {616E2167-2BD5-42FC-B96A-DB1D95665090}
		{0CE59B6C-9309-4989-B086-40A1CB9FE7B9} = {616E2167-2BD5-42FC-B96A-DB1D95665090}
		{EBFB5104-7A56-4CC8-B00B-B9B21C14EDEF} = {3DD685FA-2507-41A0-B63C-6CAD5F3EBE70}
		{38647AD5-9EBB-46B6-B520-C7E7270464F8} = {616E2167-2BD5-42FC-B96A-DB1D95665090}
	EndGlobalSection
	GlobalSection(ProjectConfigurationPlatforms) = postSolution
		{35891BCF-D9E0-4206-A3C1-1C0DC410EA2B}.Debug|Any CPU.ActiveCfg = Debug|Any CPU
		{35891BCF-D9E0-4206-A3C1-1C0DC410EA2B}.Debug|Any CPU.Build.0 = Debug|Any CPU
		{35891BCF-D9E0-4206-A3C1-1C0DC410EA2B}.Release|Any CPU.ActiveCfg = Release|Any CPU
		{35891BCF-D9E0-4206-A3C1-1C0DC410EA2B}.Release|Any CPU.Build.0 = Release|Any CPU
		{9C0B52DF-3F39-4175-AC97-94CB5B72AC1A}.Debug|Any CPU.ActiveCfg = Debug|Any CPU
		{9C0B52DF-3F39-4175-AC97-94CB5B72AC1A}.Debug|Any CPU.Build.0 = Debug|Any CPU
		{9C0B52DF-3F39-4175-AC97-94CB5B72AC1A}.Release|Any CPU.ActiveCfg = Release|Any CPU
		{9C0B52DF-3F39-4175-AC97-94CB5B72AC1A}.Release|Any CPU.Build.0 = Release|Any CPU
		{226D0BAB-3674-48A2-99C5-3C1DCEF271B5}.Debug|Any CPU.ActiveCfg = Debug|Any CPU
		{226D0BAB-3674-48A2-99C5-3C1DCEF271B5}.Debug|Any CPU.Build.0 = Debug|Any CPU
		{226D0BAB-3674-48A2-99C5-3C1DCEF271B5}.Release|Any CPU.ActiveCfg = Release|Any CPU
		{226D0BAB-3674-48A2-99C5-3C1DCEF271B5}.Release|Any CPU.Build.0 = Release|Any CPU
		{0CE59B6C-9309-4989-B086-40A1CB9FE7B9}.Debug|Any CPU.ActiveCfg = Debug|Any CPU
		{0CE59B6C-9309-4989-B086-40A1CB9FE7B9}.Debug|Any CPU.Build.0 = Debug|Any CPU
		{0CE59B6C-9309-4989-B086-40A1CB9FE7B9}.Release|Any CPU.ActiveCfg = Release|Any CPU
		{0CE59B6C-9309-4989-B086-40A1CB9FE7B9}.Release|Any CPU.Build.0 = Release|Any CPU
		{EBFB5104-7A56-4CC8-B00B-B9B21C14EDEF}.Debug|Any CPU.ActiveCfg = Debug|Any CPU
		{EBFB5104-7A56-4CC8-B00B-B9B21C14EDEF}.Debug|Any CPU.Build.0 = Debug|Any CPU
		{EBFB5104-7A56-4CC8-B00B-B9B21C14EDEF}.Release|Any CPU.ActiveCfg = Release|Any CPU
		{EBFB5104-7A56-4CC8-B00B-B9B21C14EDEF}.Release|Any CPU.Build.0 = Release|Any CPU
		{38647AD5-9EBB-46B6-B520-C7E7270464F8}.Debug|Any CPU.ActiveCfg = Debug|Any CPU
		{38647AD5-9EBB-46B6-B520-C7E7270464F8}.Debug|Any CPU.Build.0 = Debug|Any CPU
		{38647AD5-9EBB-46B6-B520-C7E7270464F8}.Release|Any CPU.ActiveCfg = Release|Any CPU
		{38647AD5-9EBB-46B6-B520-C7E7270464F8}.Release|Any CPU.Build.0 = Release|Any CPU
	EndGlobalSection
EndGlobal
